// !$*UTF8*$!
{
	archiveVersion = 1;
	classes = {
	};
	objectVersion = 46;
	objects = {

/* Begin PBXBuildFile section */
		7974E3C61C7A157D00355AE9 /* AppDelegate.swift in Sources */ = {isa = PBXBuildFile; fileRef = 7974E3C51C7A157D00355AE9 /* AppDelegate.swift */; };
		7974E3C81C7A157D00355AE9 /* ViewController.swift in Sources */ = {isa = PBXBuildFile; fileRef = 7974E3C71C7A157D00355AE9 /* ViewController.swift */; };
		7974E3CB1C7A157D00355AE9 /* Main.storyboard in Resources */ = {isa = PBXBuildFile; fileRef = 7974E3C91C7A157D00355AE9 /* Main.storyboard */; };
		7974E3CD1C7A157D00355AE9 /* Assets.xcassets in Resources */ = {isa = PBXBuildFile; fileRef = 7974E3CC1C7A157D00355AE9 /* Assets.xcassets */; };
		7974E3D01C7A157D00355AE9 /* LaunchScreen.storyboard in Resources */ = {isa = PBXBuildFile; fileRef = 7974E3CE1C7A157D00355AE9 /* LaunchScreen.storyboard */; };
		7974E3DB1C7A157D00355AE9 /* Exercise3_PrintingQuotesTests.swift in Sources */ = {isa = PBXBuildFile; fileRef = 7974E3DA1C7A157D00355AE9 /* Exercise3_PrintingQuotesTests.swift */; };
		7974E3E61C7A1AD500355AE9 /* HelperFunctions.swift in Sources */ = {isa = PBXBuildFile; fileRef = 7974E3E51C7A1AD500355AE9 /* HelperFunctions.swift */; settings = {ASSET_TAGS = (); }; };
		7974E3E71C7A247100355AE9 /* HelperFunctions.swift in Sources */ = {isa = PBXBuildFile; fileRef = 7974E3E51C7A1AD500355AE9 /* HelperFunctions.swift */; settings = {ASSET_TAGS = (); }; };
/* End PBXBuildFile section */

/* Begin PBXContainerItemProxy section */
		7974E3D71C7A157D00355AE9 /* PBXContainerItemProxy */ = {
			isa = PBXContainerItemProxy;
			containerPortal = 7974E3BA1C7A157D00355AE9 /* Project object */;
			proxyType = 1;
			remoteGlobalIDString = 7974E3C11C7A157D00355AE9;
			remoteInfo = "Exercise3:PrintingQuotes";
		};
/* End PBXContainerItemProxy section */

/* Begin PBXFileReference section */
		7974E3C21C7A157D00355AE9 /* Exercise3:PrintingQuotes.app */ = {isa = PBXFileReference; explicitFileType = wrapper.application; includeInIndex = 0; path = "Exercise3:PrintingQuotes.app"; sourceTree = BUILT_PRODUCTS_DIR; };
		7974E3C51C7A157D00355AE9 /* AppDelegate.swift */ = {isa = PBXFileReference; lastKnownFileType = sourcecode.swift; path = AppDelegate.swift; sourceTree = "<group>"; };
		7974E3C71C7A157D00355AE9 /* ViewController.swift */ = {isa = PBXFileReference; lastKnownFileType = sourcecode.swift; path = ViewController.swift; sourceTree = "<group>"; };
		7974E3CA1C7A157D00355AE9 /* Base */ = {isa = PBXFileReference; lastKnownFileType = file.storyboard; name = Base; path = Base.lproj/Main.storyboard; sourceTree = "<group>"; };
		7974E3CC1C7A157D00355AE9 /* Assets.xcassets */ = {isa = PBXFileReference; lastKnownFileType = folder.assetcatalog; path = Assets.xcassets; sourceTree = "<group>"; };
		7974E3CF1C7A157D00355AE9 /* Base */ = {isa = PBXFileReference; lastKnownFileType = file.storyboard; name = Base; path = Base.lproj/LaunchScreen.storyboard; sourceTree = "<group>"; };
		7974E3D11C7A157D00355AE9 /* Info.plist */ = {isa = PBXFileReference; lastKnownFileType = text.plist.xml; path = Info.plist; sourceTree = "<group>"; };
		7974E3D61C7A157D00355AE9 /* Exercise3:PrintingQuotesTests.xctest */ = {isa = PBXFileReference; explicitFileType = wrapper.cfbundle; includeInIndex = 0; path = "Exercise3:PrintingQuotesTests.xctest"; sourceTree = BUILT_PRODUCTS_DIR; };
		7974E3DA1C7A157D00355AE9 /* Exercise3_PrintingQuotesTests.swift */ = {isa = PBXFileReference; lastKnownFileType = sourcecode.swift; path = Exercise3_PrintingQuotesTests.swift; sourceTree = "<group>"; };
		7974E3DC1C7A157D00355AE9 /* Info.plist */ = {isa = PBXFileReference; lastKnownFileType = text.plist.xml; path = Info.plist; sourceTree = "<group>"; };
		7974E3E51C7A1AD500355AE9 /* HelperFunctions.swift */ = {isa = PBXFileReference; fileEncoding = 4; lastKnownFileType = sourcecode.swift; path = HelperFunctions.swift; sourceTree = "<group>"; };
/* End PBXFileReference section */

/* Begin PBXFrameworksBuildPhase section */
		7974E3BF1C7A157D00355AE9 /* Frameworks */ = {
			isa = PBXFrameworksBuildPhase;
			buildActionMask = 2147483647;
			files = (
			);
			runOnlyForDeploymentPostprocessing = 0;
		};
		7974E3D31C7A157D00355AE9 /* Frameworks */ = {
			isa = PBXFrameworksBuildPhase;
			buildActionMask = 2147483647;
			files = (
			);
			runOnlyForDeploymentPostprocessing = 0;
		};
/* End PBXFrameworksBuildPhase section */

/* Begin PBXGroup section */
		7974E3B91C7A157D00355AE9 = {
			isa = PBXGroup;
			children = (
				7974E3C41C7A157D00355AE9 /* Exercise3:PrintingQuotes */,
				7974E3D91C7A157D00355AE9 /* Exercise3:PrintingQuotesTests */,
				7974E3C31C7A157D00355AE9 /* Products */,
			);
			sourceTree = "<group>";
		};
		7974E3C31C7A157D00355AE9 /* Products */ = {
			isa = PBXGroup;
			children = (
				7974E3C21C7A157D00355AE9 /* Exercise3:PrintingQuotes.app */,
				7974E3D61C7A157D00355AE9 /* Exercise3:PrintingQuotesTests.xctest */,
			);
			name = Products;
			sourceTree = "<group>";
		};
		7974E3C41C7A157D00355AE9 /* Exercise3:PrintingQuotes */ = {
			isa = PBXGroup;
			children = (
				7974E3C51C7A157D00355AE9 /* AppDelegate.swift */,
				7974E3C71C7A157D00355AE9 /* ViewController.swift */,
				7974E3E51C7A1AD500355AE9 /* HelperFunctions.swift */,
				7974E3C91C7A157D00355AE9 /* Main.storyboard */,
				7974E3CC1C7A157D00355AE9 /* Assets.xcassets */,
				7974E3CE1C7A157D00355AE9 /* LaunchScreen.storyboard */,
				7974E3D11C7A157D00355AE9 /* Info.plist */,
			);
			path = "Exercise3:PrintingQuotes";
			sourceTree = "<group>";
		};
		7974E3D91C7A157D00355AE9 /* Exercise3:PrintingQuotesTests */ = {
			isa = PBXGroup;
			children = (
				7974E3DA1C7A157D00355AE9 /* Exercise3_PrintingQuotesTests.swift */,
				7974E3DC1C7A157D00355AE9 /* Info.plist */,
			);
			path = "Exercise3:PrintingQuotesTests";
			sourceTree = "<group>";
		};
/* End PBXGroup section */

/* Begin PBXNativeTarget section */
		7974E3C11C7A157D00355AE9 /* Exercise3:PrintingQuotes */ = {
			isa = PBXNativeTarget;
			buildConfigurationList = 7974E3DF1C7A157D00355AE9 /* Build configuration list for PBXNativeTarget "Exercise3:PrintingQuotes" */;
			buildPhases = (
				7974E3BE1C7A157D00355AE9 /* Sources */,
				7974E3BF1C7A157D00355AE9 /* Frameworks */,
				7974E3C01C7A157D00355AE9 /* Resources */,
			);
			buildRules = (
			);
			dependencies = (
			);
			name = "Exercise3:PrintingQuotes";
			productName = "Exercise3:PrintingQuotes";
			productReference = 7974E3C21C7A157D00355AE9 /* Exercise3:PrintingQuotes.app */;
			productType = "com.apple.product-type.application";
		};
		7974E3D51C7A157D00355AE9 /* Exercise3:PrintingQuotesTests */ = {
			isa = PBXNativeTarget;
			buildConfigurationList = 7974E3E21C7A157D00355AE9 /* Build configuration list for PBXNativeTarget "Exercise3:PrintingQuotesTests" */;
			buildPhases = (
				7974E3D21C7A157D00355AE9 /* Sources */,
				7974E3D31C7A157D00355AE9 /* Frameworks */,
				7974E3D41C7A157D00355AE9 /* Resources */,
			);
			buildRules = (
			);
			dependencies = (
				7974E3D81C7A157D00355AE9 /* PBXTargetDependency */,
			);
			name = "Exercise3:PrintingQuotesTests";
			productName = "Exercise3:PrintingQuotesTests";
			productReference = 7974E3D61C7A157D00355AE9 /* Exercise3:PrintingQuotesTests.xctest */;
			productType = "com.apple.product-type.bundle.unit-test";
		};
/* End PBXNativeTarget section */

/* Begin PBXProject section */
		7974E3BA1C7A157D00355AE9 /* Project object */ = {
			isa = PBXProject;
			attributes = {
				LastUpgradeCheck = 0700;
				ORGANIZATIONNAME = "Red Queen Coder";
				TargetAttributes = {
					7974E3C11C7A157D00355AE9 = {
						CreatedOnToolsVersion = 7.0;
					};
					7974E3D51C7A157D00355AE9 = {
						CreatedOnToolsVersion = 7.0;
						TestTargetID = 7974E3C11C7A157D00355AE9;
					};
				};
			};
			buildConfigurationList = 7974E3BD1C7A157D00355AE9 /* Build configuration list for PBXProject "Exercise3:PrintingQuotes" */;
			compatibilityVersion = "Xcode 3.2";
			developmentRegion = English;
			hasScannedForEncodings = 0;
			knownRegions = (
				en,
				Base,
			);
			mainGroup = 7974E3B91C7A157D00355AE9;
			productRefGroup = 7974E3C31C7A157D00355AE9 /* Products */;
			projectDirPath = "";
			projectRoot = "";
			targets = (
				7974E3C11C7A157D00355AE9 /* Exercise3:PrintingQuotes */,
				7974E3D51C7A157D00355AE9 /* Exercise3:PrintingQuotesTests */,
			);
		};
/* End PBXProject section */

/* Begin PBXResourcesBuildPhase section */
		7974E3C01C7A157D00355AE9 /* Resources */ = {
			isa = PBXResourcesBuildPhase;
			buildActionMask = 2147483647;
			files = (
				7974E3D01C7A157D00355AE9 /* LaunchScreen.storyboard in Resources */,
				7974E3CD1C7A157D00355AE9 /* Assets.xcassets in Resources */,
				7974E3CB1C7A157D00355AE9 /* Main.storyboard in Resources */,
			);
			runOnlyForDeploymentPostprocessing = 0;
		};
		7974E3D41C7A157D00355AE9 /* Resources */ = {
			isa = PBXResourcesBuildPhase;
			buildActionMask = 2147483647;
			files = (
			);
			runOnlyForDeploymentPostprocessing = 0;
		};
/* End PBXResourcesBuildPhase section */

/* Begin PBXSourcesBuildPhase section */
		7974E3BE1C7A157D00355AE9 /* Sources */ = {
			isa = PBXSourcesBuildPhase;
			buildActionMask = 2147483647;
			files = (
				7974E3C81C7A157D00355AE9 /* ViewController.swift in Sources */,
				7974E3C61C7A157D00355AE9 /* AppDelegate.swift in Sources */,
				7974E3E61C7A1AD500355AE9 /* HelperFunctions.swift in Sources */,
			);
			runOnlyForDeploymentPostprocessing = 0;
		};
		7974E3D21C7A157D00355AE9 /* Sources */ = {
			isa = PBXSourcesBuildPhase;
			buildActionMask = 2147483647;
			files = (
				7974E3DB1C7A157D00355AE9 /* Exercise3_PrintingQuotesTests.swift in Sources */,
				7974E3E71C7A247100355AE9 /* HelperFunctions.swift in Sources */,
			);
			runOnlyForDeploymentPostprocessing = 0;
		};
/* End PBXSourcesBuildPhase section */

/* Begin PBXTargetDependency section */
		7974E3D81C7A157D00355AE9 /* PBXTargetDependency */ = {
			isa = PBXTargetDependency;
			target = 7974E3C11C7A157D00355AE9 /* Exercise3:PrintingQuotes */;
			targetProxy = 7974E3D71C7A157D00355AE9 /* PBXContainerItemProxy */;
		};
/* End PBXTargetDependency section */

/* Begin PBXVariantGroup section */
		7974E3C91C7A157D00355AE9 /* Main.storyboard */ = {
			isa = PBXVariantGroup;
			children = (
				7974E3CA1C7A157D00355AE9 /* Base */,
			);
			name = Main.storyboard;
			sourceTree = "<group>";
		};
		7974E3CE1C7A157D00355AE9 /* LaunchScreen.storyboard */ = {
			isa = PBXVariantGroup;
			children = (
				7974E3CF1C7A157D00355AE9 /* Base */,
			);
			name = LaunchScreen.storyboard;
			sourceTree = "<group>";
		};
/* End PBXVariantGroup section */

/* Begin XCBuildConfiguration section */
		7974E3DD1C7A157D00355AE9 /* Debug */ = {
			isa = XCBuildConfiguration;
			buildSettings = {
				ALWAYS_SEARCH_USER_PATHS = NO;
				CLANG_CXX_LANGUAGE_STANDARD = "gnu++0x";
				CLANG_CXX_LIBRARY = "libc++";
				CLANG_ENABLE_MODULES = YES;
				CLANG_ENABLE_OBJC_ARC = YES;
				CLANG_WARN_BOOL_CONVERSION = YES;
				CLANG_WARN_CONSTANT_CONVERSION = YES;
				CLANG_WARN_DIRECT_OBJC_ISA_USAGE = YES_ERROR;
				CLANG_WARN_EMPTY_BODY = YES;
				CLANG_WARN_ENUM_CONVERSION = YES;
				CLANG_WARN_INT_CONVERSION = YES;
				CLANG_WARN_OBJC_ROOT_CLASS = YES_ERROR;
				CLANG_WARN_UNREACHABLE_CODE = YES;
				CLANG_WARN__DUPLICATE_METHOD_MATCH = YES;
				"CODE_SIGN_IDENTITY[sdk=iphoneos*]" = "iPhone Developer";
				COPY_PHASE_STRIP = NO;
				DEBUG_INFORMATION_FORMAT = dwarf;
				ENABLE_STRICT_OBJC_MSGSEND = YES;
				ENABLE_TESTABILITY = YES;
				GCC_C_LANGUAGE_STANDARD = gnu99;
				GCC_DYNAMIC_NO_PIC = NO;
				GCC_NO_COMMON_BLOCKS = YES;
				GCC_OPTIMIZATION_LEVEL = 0;
				GCC_PREPROCESSOR_DEFINITIONS = (
					"DEBUG=1",
					"$(inherited)",
				);
				GCC_WARN_64_TO_32_BIT_CONVERSION = YES;
				GCC_WARN_ABOUT_RETURN_TYPE = YES_ERROR;
				GCC_WARN_UNDECLARED_SELECTOR = YES;
				GCC_WARN_UNINITIALIZED_AUTOS = YES_AGGRESSIVE;
				GCC_WARN_UNUSED_FUNCTION = YES;
				GCC_WARN_UNUSED_VARIABLE = YES;
				IPHONEOS_DEPLOYMENT_TARGET = 9.0;
				MTL_ENABLE_DEBUG_INFO = YES;
				ONLY_ACTIVE_ARCH = YES;
				SDKROOT = iphoneos;
				SWIFT_OPTIMIZATION_LEVEL = "-Onone";
			};
			name = Debug;
		};
		7974E3DE1C7A157D00355AE9 /* Release */ = {
			isa = XCBuildConfiguration;
			buildSettings = {
				ALWAYS_SEARCH_USER_PATHS = NO;
				CLANG_CXX_LANGUAGE_STANDARD = "gnu++0x";
				CLANG_CXX_LIBRARY = "libc++";
				CLANG_ENABLE_MODULES = YES;
				CLANG_ENABLE_OBJC_ARC = YES;
				CLANG_WARN_BOOL_CONVERSION = YES;
				CLANG_WARN_CONSTANT_CONVERSION = YES;
				CLANG_WARN_DIRECT_OBJC_ISA_USAGE = YES_ERROR;
				CLANG_WARN_EMPTY_BODY = YES;
				CLANG_WARN_ENUM_CONVERSION = YES;
				CLANG_WARN_INT_CONVERSION = YES;
				CLANG_WARN_OBJC_ROOT_CLASS = YES_ERROR;
				CLANG_WARN_UNREACHABLE_CODE = YES;
				CLANG_WARN__DUPLICATE_METHOD_MATCH = YES;
				"CODE_SIGN_IDENTITY[sdk=iphoneos*]" = "iPhone Developer";
				COPY_PHASE_STRIP = NO;
				DEBUG_INFORMATION_FORMAT = "dwarf-with-dsym";
				ENABLE_NS_ASSERTIONS = NO;
				ENABLE_STRICT_OBJC_MSGSEND = YES;
				GCC_C_LANGUAGE_STANDARD = gnu99;
				GCC_NO_COMMON_BLOCKS = YES;
				GCC_WARN_64_TO_32_BIT_CONVERSION = YES;
				GCC_WARN_ABOUT_RETURN_TYPE = YES_ERROR;
				GCC_WARN_UNDECLARED_SELECTOR = YES;
				GCC_WARN_UNINITIALIZED_AUTOS = YES_AGGRESSIVE;
				GCC_WARN_UNUSED_FUNCTION = YES;
				GCC_WARN_UNUSED_VARIABLE = YES;
				IPHONEOS_DEPLOYMENT_TARGET = 9.0;
				MTL_ENABLE_DEBUG_INFO = NO;
				SDKROOT = iphoneos;
				VALIDATE_PRODUCT = YES;
			};
			name = Release;
		};
		7974E3E01C7A157D00355AE9 /* Debug */ = {
			isa = XCBuildConfiguration;
			buildSettings = {
				ASSETCATALOG_COMPILER_APPICON_NAME = AppIcon;
				INFOPLIST_FILE = "Exercise3:PrintingQuotes/Info.plist";
				LD_RUNPATH_SEARCH_PATHS = "$(inherited) @executable_path/Frameworks";
				PRODUCT_BUNDLE_IDENTIFIER = "com.redqueencoder.Exercise3-PrintingQuotes";
				PRODUCT_NAME = "$(TARGET_NAME)";
			};
			name = Debug;
		};
		7974E3E11C7A157D00355AE9 /* Release */ = {
			isa = XCBuildConfiguration;
			buildSettings = {
				ASSETCATALOG_COMPILER_APPICON_NAME = AppIcon;
				INFOPLIST_FILE = "Exercise3:PrintingQuotes/Info.plist";
				LD_RUNPATH_SEARCH_PATHS = "$(inherited) @executable_path/Frameworks";
				PRODUCT_BUNDLE_IDENTIFIER = "com.redqueencoder.Exercise3-PrintingQuotes";
				PRODUCT_NAME = "$(TARGET_NAME)";
			};
			name = Release;
		};
		7974E3E31C7A157D00355AE9 /* Debug */ = {
			isa = XCBuildConfiguration;
			buildSettings = {
				BUNDLE_LOADER = "$(TEST_HOST)";
				INFOPLIST_FILE = "Exercise3:PrintingQuotesTests/Info.plist";
				LD_RUNPATH_SEARCH_PATHS = "$(inherited) @executable_path/Frameworks @loader_path/Frameworks";
				PRODUCT_BUNDLE_IDENTIFIER = "com.redqueencoder.Exercise3-PrintingQuotesTests";
				PRODUCT_NAME = "$(TARGET_NAME)";
				TEST_HOST = "$(BUILT_PRODUCTS_DIR)/Exercise3:PrintingQuotes.app/Exercise3:PrintingQuotes";
			};
			name = Debug;
		};
		7974E3E41C7A157D00355AE9 /* Release */ = {
			isa = XCBuildConfiguration;
			buildSettings = {
				BUNDLE_LOADER = "$(TEST_HOST)";
				INFOPLIST_FILE = "Exercise3:PrintingQuotesTests/Info.plist";
				LD_RUNPATH_SEARCH_PATHS = "$(inherited) @executable_path/Frameworks @loader_path/Frameworks";
				PRODUCT_BUNDLE_IDENTIFIER = "com.redqueencoder.Exercise3-PrintingQuotesTests";
				PRODUCT_NAME = "$(TARGET_NAME)";
				TEST_HOST = "$(BUILT_PRODUCTS_DIR)/Exercise3:PrintingQuotes.app/Exercise3:PrintingQuotes";
			};
			name = Release;
		};
/* End XCBuildConfiguration section */

/* Begin XCConfigurationList section */
		7974E3BD1C7A157D00355AE9 /* Build configuration list for PBXProject "Exercise3:PrintingQuotes" */ = {
			isa = XCConfigurationList;
			buildConfigurations = (
				7974E3DD1C7A157D00355AE9 /* Debug */,
				7974E3DE1C7A157D00355AE9 /* Release */,
			);
			defaultConfigurationIsVisible = 0;
			defaultConfigurationName = Release;
		};
		7974E3DF1C7A157D00355AE9 /* Build configuration list for PBXNativeTarget "Exercise3:PrintingQuotes" */ = {
			isa = XCConfigurationList;
			buildConfigurations = (
				7974E3E01C7A157D00355AE9 /* Debug */,
				7974E3E11C7A157D00355AE9 /* Release */,
			);
			defaultConfigurationIsVisible = 0;
		};
		7974E3E21C7A157D00355AE9 /* Build configuration list for PBXNativeTarget "Exercise3:PrintingQuotesTests" */ = {
			isa = XCConfigurationList;
			buildConfigurations = (
				7974E3E31C7A157D00355AE9 /* Debug */,
				7974E3E41C7A157D00355AE9 /* Release */,
			);
			defaultConfigurationIsVisible = 0;
		};
/* End XCConfigurationList section */
	};
	rootObject = 7974E3BA1C7A157D00355AE9 /* Project object */;
}
